# Generated by `skillordeal lock`. Do not edit by hand.
lock_version: 1
trial: smoke
trial_hash: 9d5684c32fac685c8d16386133fa0eedc0bf7a0ded7a997a8bedfd2cef229ab6
engine:
  name: skillordeal
  version: 0.1.0
image:
  ref: localhost/skillordeal-runner:dev
  id: c21332624c283c32dcf52956f30a76fb2ad46b3683225135a37fd2159056f97f
  digest: sha256:f236848e734a8f4d9013f01c15072758951a919646df2bc3e14f295b5c57ed3a
  cli_version: 2.1.280
  builtins:
    skills:
    - design
    - doctor
    plugins:
    - telemetry
runtime:
  cli_name: claude-code
  cli_version: 2.1.280
  auth_mode: oauth
  limits:
    cpus: 2.0
    memory: 4g
    pids: 1024
    timeout_s: 900
    max_total_tokens: 3000000
    max_output_tokens: null
    max_turns: 200
models:
- id: claude-haiku-4-5-20251001
  effort: null
  max_budget_usd: 1.0
judge: null
reps: 1
invocation: forced
findings_schema_sha256: 5edc9b0e3f87499dea5838fb4c08bbeea65cbcd732cab5a33f1ab68466e172f1
contenders:
  baseline:
    kind: baseline
    repo: null
    ref: null
    sha: null
    path: null
    local_git: null
    subpath: ''
    config_hash: 7150023fa40ec01ae88acda9a5f510c6a76e1099cfc8fd7097d3d63ae4872a65
    skill_name: null
    expected_skills: []
    tree_hash: e3b0c44298fc1c149afbf4c8996fb92427ae41e4649b934ca495991b7852b855
  sentry-security-review:
    kind: skill
    repo: https://github.com/getsentry/skills
    ref: c2f99a5b04b4cd992ec3022d7c2c3e23e938d241
    sha: c2f99a5b04b4cd992ec3022d7c2c3e23e938d241
    path: null
    local_git: null
    subpath: skills/security-review
    config_hash: ea80bbaf1565e2f770957bdc4a3c2849b18e43a8c37a092cbdc8b82aa14490ee
    stripped: []
    skill_name: ordeal:security-review
    plugin_name: ordeal
    expected_skills:
    - ordeal:security-review
    tree_hash: fc95137024d9afb8640bf4e21433d71a58d5f2b45f13ec7fa80e96f1f1931933
arenas:
  dvpwa:
    repo: https://github.com/anxolerd/dvpwa
    ref: master
    sha: a1d8f89fac2e57093189853c6527c2b01fc1d9c1
    config_hash: 4e2db50c38588aa392f170baa3466b20860b12248ef3db379cceead9b6af63e9
    groundtruth: null
tasks:
  security-audit:
    prompt_sha256: 55f92df163b37b1d1873fe3934ba6e021ec32a68584930e139dcf5c01b3aeb61
    config_hash: 8b22e1b0837cc5c049d8094c8a1b81675c047c8d1613c9c45ab39edc4287ca70
lock_hash: 3805f2972c1153d0786084dcceaec03e5ef28caaca634ba346035c5a31c97353
created_at: '2026-09-22T23:44:41+00:00'
